
Microsoft Visual Studio Solution File, Format Version 12.00
# Visual Studio Version 16
VisualStudioVersion = 16.0.30114.105
MinimumVisualStudioVersion = 10.0.40219.1
Project("{FAE04EC0-301F-11D3-BF4B-00C04F79EFBC}") = "BrewStore.Api", "BrewStore.Api\BrewStore.Api.csproj", "{1AA0E3DA-43C3-4CBA-B749-109CD8F9329A}"
EndProject
Project("{FAE04EC0-301F-11D3-BF4B-00C04F79EFBC}") = "BrewStore.Web", "BrewStore.Web\BrewStore.Web.csproj", "{B3670183-50D7-408F-96A8-7797711CB77D}"
EndProject
Global
	GlobalSection(SolutionConfigurationPlatforms) = preSolution
		Debug|Any CPU = Debug|Any CPU
		Debug|x64 = Debug|x64
		Debug|x86 = Debug|x86
		Release|Any CPU = Release|Any CPU
		Release|x64 = Release|x64
		Release|x86 = Release|x86
	EndGlobalSection
	GlobalSection(SolutionProperties) = preSolution
		HideSolutionNode = FALSE
	EndGlobalSection
	GlobalSection(ProjectConfigurationPlatforms) = postSolution
		{1AA0E3DA-43C3-4CBA-B749-109CD8F9329A}.Debug|Any CPU.ActiveCfg = Debug|Any CPU
		{1AA0E3DA-43C3-4CBA-B749-109CD8F9329A}.Debug|Any CPU.Build.0 = Debug|Any CPU
		{1AA0E3DA-43C3-4CBA-B749-109CD8F9329A}.Debug|x64.ActiveCfg = Debug|Any CPU
		{1AA0E3DA-43C3-4CBA-B749-109CD8F9329A}.Debug|x64.Build.0 = Debug|Any CPU
		{1AA0E3DA-43C3-4CBA-B749-109CD8F9329A}.Debug|x86.ActiveCfg = Debug|Any CPU
		{1AA0E3DA-43C3-4CBA-B749-109CD8F9329A}.Debug|x86.Build.0 = Debug|Any CPU
		{1AA0E3DA-43C3-4CBA-B749-109CD8F9329A}.Release|Any CPU.ActiveCfg = Release|Any CPU
		{1AA0E3DA-43C3-4CBA-B749-109CD8F9329A}.Release|Any CPU.Build.0 = Release|Any CPU
		{1AA0E3DA-43C3-4CBA-B749-109CD8F9329A}.Release|x64.ActiveCfg = Release|Any CPU
		{1AA0E3DA-43C3-4CBA-B749-109CD8F9329A}.Release|x64.Build.0 = Release|Any CPU
		{1AA0E3DA-43C3-4CBA-B749-109CD8F9329A}.Release|x86.ActiveCfg = Release|Any CPU
		{1AA0E3DA-43C3-4CBA-B749-109CD8F9329A}.Release|x86.Build.0 = Release|Any CPU
		{B3670183-50D7-408F-96A8-7797711CB77D}.Debug|Any CPU.ActiveCfg = Debug|Any CPU
		{B3670183-50D7-408F-96A8-7797711CB77D}.Debug|Any CPU.Build.0 = Debug|Any CPU
		{B3670183-50D7-408F-96A8-7797711CB77D}.Debug|x64.ActiveCfg = Debug|Any CPU
		{B3670183-50D7-408F-96A8-7797711CB77D}.Debug|x64.Build.0 = Debug|Any CPU
		{B3670183-50D7-408F-96A8-7797711CB77D}.Debug|x86.ActiveCfg = Debug|Any CPU
		{B3670183-50D7-408F-96A8-7797711CB77D}.Debug|x86.Build.0 = Debug|Any CPU
		{B3670183-50D7-408F-96A8-7797711CB77D}.Release|Any CPU.ActiveCfg = Release|Any CPU
		{B3670183-50D7-408F-96A8-7797711CB77D}.Release|Any CPU.Build.0 = Release|Any CPU
		{B3670183-50D7-408F-96A8-7797711CB77D}.Release|x64.ActiveCfg = Release|Any CPU
		{B3670183-50D7-408F-96A8-7797711CB77D}.Release|x64.Build.0 = Release|Any CPU
		{B3670183-50D7-408F-96A8-7797711CB77D}.Release|x86.ActiveCfg = Release|Any CPU
		{B3670183-50D7-408F-96A8-7797711CB77D}.Release|x86.Build.0 = Release|Any CPU
	EndGlobalSection
EndGlobal
